
Microsoft Visual Studio Solution File, Format Version 12.00
# Visual Studio Version 17
VisualStudioVersion = 17.5.33424.131
MinimumVisualStudioVersion = 10.0.40219.1
Project("{9A19103F-16F7-4668-BE54-9A1E7A4F7556}") = "BE.API", "BE.API\BE.API.csproj", "{D9AC1637-32EE-4B7C-BB3E-E6FCCAFFAB15}"
EndProject
Project("{9A19103F-16F7-4668-BE54-9A1E7A4F7556}") = "BE.Domain", "BE.Domain\BE.Domain.csproj", "{BE86460D-1FC5-4F75-8632-F6BD898FCC44}"
EndProject
Project("{9A19103F-16F7-4668-BE54-9A1E7A4F7556}") = "BE.Application", "BE.Application\BE.Application.csproj", "{72C69A3A-19ED-4CB6-9D67-1551982B9FF9}"
EndProject
Project("{9A19103F-16F7-4668-BE54-9A1E7A4F7556}") = "BE.Infranstructure", "BE.Infranstructure\BE.Infranstructure.csproj", "{50DC4DEA-579E-42CF-9549-F9ABAB1EF80B}"
EndProject
Project("{9A19103F-16F7-4668-BE54-9A1E7A4F7556}") = "BE.Persistence", "BE.Persistence\BE.Persistence.csproj", "{77FE4F2A-6241-4EAD-B6AD-5648BE2D5E16}"
EndProject
Project("{9A19103F-16F7-4668-BE54-9A1E7A4F7556}") = "BE.Shared", "BE.Shared\BE.Shared.csproj", "{98FB8680-83C7-4A16-A817-48FDD4D06C4E}"
EndProject
Project("{2150E333-8FDC-42A3-9474-1A3956D46DE8}") = "Solution Items", "Solution Items", "{71D4D85E-F072-485F-88A6-4719AC40A5C7}"
	ProjectSection(SolutionItems) = preProject
		note.txt = note.txt
	EndProjectSection
EndProject
Global
	GlobalSection(SolutionConfigurationPlatforms) = preSolution
		Debug|Any CPU = Debug|Any CPU
		Release|Any CPU = Release|Any CPU
	EndGlobalSection
	GlobalSection(ProjectConfigurationPlatforms) = postSolution
		{D9AC1637-32EE-4B7C-BB3E-E6FCCAFFAB15}.Debug|Any CPU.ActiveCfg = Debug|Any CPU
		{D9AC1637-32EE-4B7C-BB3E-E6FCCAFFAB15}.Debug|Any CPU.Build.0 = Debug|Any CPU
		{D9AC1637-32EE-4B7C-BB3E-E6FCCAFFAB15}.Release|Any CPU.ActiveCfg = Release|Any CPU
		{D9AC1637-32EE-4B7C-BB3E-E6FCCAFFAB15}.Release|Any CPU.Build.0 = Release|Any CPU
		{BE86460D-1FC5-4F75-8632-F6BD898FCC44}.Debug|Any CPU.ActiveCfg = Debug|Any CPU
		{BE86460D-1FC5-4F75-8632-F6BD898FCC44}.Debug|Any CPU.Build.0 = Debug|Any CPU
		{BE86460D-1FC5-4F75-8632-F6BD898FCC44}.Release|Any CPU.ActiveCfg = Release|Any CPU
		{BE86460D-1FC5-4F75-8632-F6BD898FCC44}.Release|Any CPU.Build.0 = Release|Any CPU
		{72C69A3A-19ED-4CB6-9D67-1551982B9FF9}.Debug|Any CPU.ActiveCfg = Debug|Any CPU
		{72C69A3A-19ED-4CB6-9D67-1551982B9FF9}.Debug|Any CPU.Build.0 = Debug|Any CPU
		{72C69A3A-19ED-4CB6-9D67-1551982B9FF9}.Release|Any CPU.ActiveCfg = Release|Any CPU
		{72C69A3A-19ED-4CB6-9D67-1551982B9FF9}.Release|Any CPU.Build.0 = Release|Any CPU
		{50DC4DEA-579E-42CF-9549-F9ABAB1EF80B}.Debug|Any CPU.ActiveCfg = Debug|Any CPU
		{50DC4DEA-579E-42CF-9549-F9ABAB1EF80B}.Debug|Any CPU.Build.0 = Debug|Any CPU
		{50DC4DEA-579E-42CF-9549-F9ABAB1EF80B}.Release|Any CPU.ActiveCfg = Release|Any CPU
		{50DC4DEA-579E-42CF-9549-F9ABAB1EF80B}.Release|Any CPU.Build.0 = Release|Any CPU
		{77FE4F2A-6241-4EAD-B6AD-5648BE2D5E16}.Debug|Any CPU.ActiveCfg = Debug|Any CPU
		{77FE4F2A-6241-4EAD-B6AD-5648BE2D5E16}.Debug|Any CPU.Build.0 = Debug|Any CPU
		{77FE4F2A-6241-4EAD-B6AD-5648BE2D5E16}.Release|Any CPU.ActiveCfg = Release|Any CPU
		{77FE4F2A-6241-4EAD-B6AD-5648BE2D5E16}.Release|Any CPU.Build.0 = Release|Any CPU
		{98FB8680-83C7-4A16-A817-48FDD4D06C4E}.Debug|Any CPU.ActiveCfg = Debug|Any CPU
		{98FB8680-83C7-4A16-A817-48FDD4D06C4E}.Debug|Any CPU.Build.0 = Debug|Any CPU
		{98FB8680-83C7-4A16-A817-48FDD4D06C4E}.Release|Any CPU.ActiveCfg = Release|Any CPU
		{98FB8680-83C7-4A16-A817-48FDD4D06C4E}.Release|Any CPU.Build.0 = Release|Any CPU
	EndGlobalSection
	GlobalSection(SolutionProperties) = preSolution
		HideSolutionNode = FALSE
	EndGlobalSection
	GlobalSection(ExtensibilityGlobals) = postSolution
		SolutionGuid = {C6E8C31E-BFB9-409A-9E00-77DB2875058D}
	EndGlobalSection
EndGlobal
